
Microsoft Visual Studio Solution File, Format Version 12.00
# Visual Studio Version 16
VisualStudioVersion = 16.0.30011.22
MinimumVisualStudioVersion = 10.0.40219.1
Project("{FAE04EC0-301F-11D3-BF4B-00C04F79EFBC}") = "SimpleModel", "SimpleModel\SimpleModel.csproj", "{4F8530F6-9093-45E6-A94F-62FEB0BBCC9D}"
EndProject
Project("{FAE04EC0-301F-11D3-BF4B-00C04F79EFBC}") = "CommonModules", "CommonModules\CommonModules.csproj", "{3FDE6675-C43A-4A17-B9A3-B1AEE79BFC94}"
EndProject
Project("{FAE04EC0-301F-11D3-BF4B-00C04F79EFBC}") = "SystemModel", "SystemModel\SystemModel.csproj", "{5AFB0E75-385A-4ECE-A45A-88E5A99D875C}"
EndProject
Project("{FAE04EC0-301F-11D3-BF4B-00C04F79EFBC}") = "UnitTestPagingMemory", "UnitTestPagingMemory\UnitTestPagingMemory.csproj", "{3EF57039-EF5A-4F86-A1EA-20592C1E81EF}"
EndProject
Global
	GlobalSection(SolutionConfigurationPlatforms) = preSolution
		Debug|Any CPU = Debug|Any CPU
		Release|Any CPU = Release|Any CPU
	EndGlobalSection
	GlobalSection(ProjectConfigurationPlatforms) = postSolution
		{4F8530F6-9093-45E6-A94F-62FEB0BBCC9D}.Debug|Any CPU.ActiveCfg = Debug|Any CPU
		{4F8530F6-9093-45E6-A94F-62FEB0BBCC9D}.Debug|Any CPU.Build.0 = Debug|Any CPU
		{4F8530F6-9093-45E6-A94F-62FEB0BBCC9D}.Release|Any CPU.ActiveCfg = Release|Any CPU
		{4F8530F6-9093-45E6-A94F-62FEB0BBCC9D}.Release|Any CPU.Build.0 = Release|Any CPU
		{3FDE6675-C43A-4A17-B9A3-B1AEE79BFC94}.Debug|Any CPU.ActiveCfg = Debug|Any CPU
		{3FDE6675-C43A-4A17-B9A3-B1AEE79BFC94}.Debug|Any CPU.Build.0 = Debug|Any CPU
		{3FDE6675-C43A-4A17-B9A3-B1AEE79BFC94}.Release|Any CPU.ActiveCfg = Release|Any CPU
		{3FDE6675-C43A-4A17-B9A3-B1AEE79BFC94}.Release|Any CPU.Build.0 = Release|Any CPU
		{5AFB0E75-385A-4ECE-A45A-88E5A99D875C}.Debug|Any CPU.ActiveCfg = Debug|Any CPU
		{5AFB0E75-385A-4ECE-A45A-88E5A99D875C}.Debug|Any CPU.Build.0 = Debug|Any CPU
		{5AFB0E75-385A-4ECE-A45A-88E5A99D875C}.Release|Any CPU.ActiveCfg = Release|Any CPU
		{5AFB0E75-385A-4ECE-A45A-88E5A99D875C}.Release|Any CPU.Build.0 = Release|Any CPU
		{3EF57039-EF5A-4F86-A1EA-20592C1E81EF}.Debug|Any CPU.ActiveCfg = Debug|Any CPU
		{3EF57039-EF5A-4F86-A1EA-20592C1E81EF}.Debug|Any CPU.Build.0 = Debug|Any CPU
		{3EF57039-EF5A-4F86-A1EA-20592C1E81EF}.Release|Any CPU.ActiveCfg = Release|Any CPU
		{3EF57039-EF5A-4F86-A1EA-20592C1E81EF}.Release|Any CPU.Build.0 = Release|Any CPU
	EndGlobalSection
	GlobalSection(SolutionProperties) = preSolution
		HideSolutionNode = FALSE
	EndGlobalSection
	GlobalSection(ExtensibilityGlobals) = postSolution
		SolutionGuid = {9A551F45-860F-4917-9426-C61A42285519}
	EndGlobalSection
EndGlobal
